
Microsoft Visual Studio Solution File, Format Version 12.00
# Visual Studio Version 16
VisualStudioVersion = 16.0.29326.143
MinimumVisualStudioVersion = 10.0.40219.1
Project("{FAE04EC0-301F-11D3-BF4B-00C04F79EFBC}") = "GrabberManager", "GrabberManager\GrabberManager.csproj", "{EA0F20CF-A5FE-4A06-9260-9E184E541469}"
EndProject
Project("{FAE04EC0-301F-11D3-BF4B-00C04F79EFBC}") = "XingBot", "XingBot\XingBot.csproj", "{9287D59B-36FD-439D-B094-5ECCBA69C99F}"
EndProject
Project("{9A19103F-16F7-4668-BE54-9A1E7A4F7556}") = "DataLib", "DataLib\DataLib.csproj", "{D97F2D9E-3997-46DB-9D4B-74953592D756}"
EndProject
Global
	GlobalSection(SolutionConfigurationPlatforms) = preSolution
		Debug|Any CPU = Debug|Any CPU
		Debug|x64 = Debug|x64
		Debug|x86 = Debug|x86
		Release|Any CPU = Release|Any CPU
		Release|x64 = Release|x64
		Release|x86 = Release|x86
	EndGlobalSection
	GlobalSection(ProjectConfigurationPlatforms) = postSolution
		{EA0F20CF-A5FE-4A06-9260-9E184E541469}.Debug|Any CPU.ActiveCfg = Debug|Any CPU
		{EA0F20CF-A5FE-4A06-9260-9E184E541469}.Debug|Any CPU.Build.0 = Debug|Any CPU
		{EA0F20CF-A5FE-4A06-9260-9E184E541469}.Debug|x64.ActiveCfg = Debug|Any CPU
		{EA0F20CF-A5FE-4A06-9260-9E184E541469}.Debug|x64.Build.0 = Debug|Any CPU
		{EA0F20CF-A5FE-4A06-9260-9E184E541469}.Debug|x86.ActiveCfg = Debug|Any CPU
		{EA0F20CF-A5FE-4A06-9260-9E184E541469}.Debug|x86.Build.0 = Debug|Any CPU
		{EA0F20CF-A5FE-4A06-9260-9E184E541469}.Release|Any CPU.ActiveCfg = Release|Any CPU
		{EA0F20CF-A5FE-4A06-9260-9E184E541469}.Release|Any CPU.Build.0 = Release|Any CPU
		{EA0F20CF-A5FE-4A06-9260-9E184E541469}.Release|x64.ActiveCfg = Release|Any CPU
		{EA0F20CF-A5FE-4A06-9260-9E184E541469}.Release|x64.Build.0 = Release|Any CPU
		{EA0F20CF-A5FE-4A06-9260-9E184E541469}.Release|x86.ActiveCfg = Release|Any CPU
		{EA0F20CF-A5FE-4A06-9260-9E184E541469}.Release|x86.Build.0 = Release|Any CPU
		{9287D59B-36FD-439D-B094-5ECCBA69C99F}.Debug|Any CPU.ActiveCfg = Debug|Any CPU
		{9287D59B-36FD-439D-B094-5ECCBA69C99F}.Debug|Any CPU.Build.0 = Debug|Any CPU
		{9287D59B-36FD-439D-B094-5ECCBA69C99F}.Debug|x64.ActiveCfg = Debug|Any CPU
		{9287D59B-36FD-439D-B094-5ECCBA69C99F}.Debug|x64.Build.0 = Debug|Any CPU
		{9287D59B-36FD-439D-B094-5ECCBA69C99F}.Debug|x86.ActiveCfg = Debug|Any CPU
		{9287D59B-36FD-439D-B094-5ECCBA69C99F}.Debug|x86.Build.0 = Debug|Any CPU
		{9287D59B-36FD-439D-B094-5ECCBA69C99F}.Release|Any CPU.ActiveCfg = Release|Any CPU
		{9287D59B-36FD-439D-B094-5ECCBA69C99F}.Release|Any CPU.Build.0 = Release|Any CPU
		{9287D59B-36FD-439D-B094-5ECCBA69C99F}.Release|x64.ActiveCfg = Release|Any CPU
		{9287D59B-36FD-439D-B094-5ECCBA69C99F}.Release|x64.Build.0 = Release|Any CPU
		{9287D59B-36FD-439D-B094-5ECCBA69C99F}.Release|x86.ActiveCfg = Release|Any CPU
		{9287D59B-36FD-439D-B094-5ECCBA69C99F}.Release|x86.Build.0 = Release|Any CPU
		{D97F2D9E-3997-46DB-9D4B-74953592D756}.Debug|Any CPU.ActiveCfg = Debug|Any CPU
		{D97F2D9E-3997-46DB-9D4B-74953592D756}.Debug|Any CPU.Build.0 = Debug|Any CPU
		{D97F2D9E-3997-46DB-9D4B-74953592D756}.Debug|x64.ActiveCfg = Debug|Any CPU
		{D97F2D9E-3997-46DB-9D4B-74953592D756}.Debug|x64.Build.0 = Debug|Any CPU
		{D97F2D9E-3997-46DB-9D4B-74953592D756}.Debug|x86.ActiveCfg = Debug|Any CPU
		{D97F2D9E-3997-46DB-9D4B-74953592D756}.Debug|x86.Build.0 = Debug|Any CPU
		{D97F2D9E-3997-46DB-9D4B-74953592D756}.Release|Any CPU.ActiveCfg = Release|Any CPU
		{D97F2D9E-3997-46DB-9D4B-74953592D756}.Release|Any CPU.Build.0 = Release|Any CPU
		{D97F2D9E-3997-46DB-9D4B-74953592D756}.Release|x64.ActiveCfg = Release|Any CPU
		{D97F2D9E-3997-46DB-9D4B-74953592D756}.Release|x64.Build.0 = Release|Any CPU
		{D97F2D9E-3997-46DB-9D4B-74953592D756}.Release|x86.ActiveCfg = Release|Any CPU
		{D97F2D9E-3997-46DB-9D4B-74953592D756}.Release|x86.Build.0 = Release|Any CPU
	EndGlobalSection
	GlobalSection(SolutionProperties) = preSolution
		HideSolutionNode = FALSE
	EndGlobalSection
	GlobalSection(ExtensibilityGlobals) = postSolution
		SolutionGuid = {FE4044C4-4191-4F3E-9921-A0EAECC42B83}
	EndGlobalSection
EndGlobal
